{
  "requires": true,
  "lockfileVersion": 1,
  "dependencies": {
    "amd-loader": {
      "version": "0.0.8",
      "resolved": "https://registry.npmjs.org/amd-loader/-/amd-loader-0.0.8.tgz",
      "integrity": "sha1-ECKSgEDlZ+jmpvtYvaBS+BkYkgY="
    },
    "typescript": {
      "version": "2.5.2",
      "resolved": "https://registry.npmjs.org/typescript/-/typescript-2.5.2.tgz",
      "integrity": "sha1-A4qV99m7tCCxvzW6MdTFwd0//jQ="
    },
    "typescript-require": {
      "version": "0.2.9-1",
      "resolved": "https://registry.npmjs.org/typescript-require/-/typescript-require-0.2.9-1.tgz",
      "integrity": "sha1-ZiTBr5HXbyVhPQ9cZn0gQ6bs7cQ=",
      "requires": {
        "typescript": "2.5.2"
      }
    }
  }
}
